// !$*UTF8*$!
{
	archiveVersion = 1;
	classes = {
	};
	objectVersion = 55;
	objects = {

/* Begin PBXBuildFile section */
		49DF5FE6274CEB4C00E72B37 /* AppDelegate.swift in Sources */ = {isa = PBXBuildFile; fileRef = 49DF5FE5274CEB4C00E72B37 /* AppDelegate.swift */; };
		49DF5FE8274CEB4C00E72B37 /* SceneDelegate.swift in Sources */ = {isa = PBXBuildFile; fileRef = 49DF5FE7274CEB4C00E72B37 /* SceneDelegate.swift */; };
		49DF5FEA274CEB4C00E72B37 /* ViewController.swift in Sources */ = {isa = PBXBuildFile; fileRef = 49DF5FE9274CEB4C00E72B37 /* ViewController.swift */; };
		49DF5FED274CEB4C00E72B37 /* Main.storyboard in Resources */ = {isa = PBXBuildFile; fileRef = 49DF5FEB274CEB4C00E72B37 /* Main.storyboard */; };
		49DF5FEF274CEB4D00E72B37 /* Assets.xcassets in Resources */ = {isa = PBXBuildFile; fileRef = 49DF5FEE274CEB4D00E72B37 /* Assets.xcassets */; };
		49DF5FF2274CEB4D00E72B37 /* LaunchScreen.storyboard in Resources */ = {isa = PBXBuildFile; fileRef = 49DF5FF0274CEB4D00E72B37 /* LaunchScreen.storyboard */; };
		49DF5FFD274CEB4E00E72B37 /* SuperCoolTests.swift in Sources */ = {isa = PBXBuildFile; fileRef = 49DF5FFC274CEB4E00E72B37 /* SuperCoolTests.swift */; };
		49DF6007274CEB4E00E72B37 /* SuperCoolUITests.swift in Sources */ = {isa = PBXBuildFile; fileRef = 49DF6006274CEB4E00E72B37 /* SuperCoolUITests.swift */; };
		49DF6009274CEB4E00E72B37 /* SuperCoolUITestsLaunchTests.swift in Sources */ = {isa = PBXBuildFile; fileRef = 49DF6008274CEB4E00E72B37 /* SuperCoolUITestsLaunchTests.swift */; };
/* End PBXBuildFile section */

/* Begin PBXContainerItemProxy section */
		49DF5FF9274CEB4E00E72B37 /* PBXContainerItemProxy */ = {
			isa = PBXContainerItemProxy;
			containerPortal = 49DF5FDA274CEB4C00E72B37 /* Project object */;
			proxyType = 1;
			remoteGlobalIDString = 49DF5FE1274CEB4C00E72B37;
			remoteInfo = SuperCool;
		};
		49DF6003274CEB4E00E72B37 /* PBXContainerItemProxy */ = {
			isa = PBXContainerItemProxy;
			containerPortal = 49DF5FDA274CEB4C00E72B37 /* Project object */;
			proxyType = 1;
			remoteGlobalIDString = 49DF5FE1274CEB4C00E72B37;
			remoteInfo = SuperCool;
		};
/* End PBXContainerItemProxy section */

/* Begin PBXFileReference section */
		49DF5FE2274CEB4C00E72B37 /* SuperCool.app */ = {isa = PBXFileReference; explicitFileType = wrapper.application; includeInIndex = 0; path = SuperCool.app; sourceTree = BUILT_PRODUCTS_DIR; };
		49DF5FE5274CEB4C00E72B37 /* AppDelegate.swift */ = {isa = PBXFileReference; lastKnownFileType = sourcecode.swift; path = AppDelegate.swift; sourceTree = "<group>"; };
		49DF5FE7274CEB4C00E72B37 /* SceneDelegate.swift */ = {isa = PBXFileReference; lastKnownFileType = sourcecode.swift; path = SceneDelegate.swift; sourceTree = "<group>"; };
		49DF5FE9274CEB4C00E72B37 /* ViewController.swift */ = {isa = PBXFileReference; lastKnownFileType = sourcecode.swift; path = ViewController.swift; sourceTree = "<group>"; };
		49DF5FEC274CEB4C00E72B37 /* Base */ = {isa = PBXFileReference; lastKnownFileType = file.storyboard; name = Base; path = Base.lproj/Main.storyboard; sourceTree = "<group>"; };
		49DF5FEE274CEB4D00E72B37 /* Assets.xcassets */ = {isa = PBXFileReference; lastKnownFileType = folder.assetcatalog; path = Assets.xcassets; sourceTree = "<group>"; };
		49DF5FF1274CEB4D00E72B37 /* Base */ = {isa = PBXFileReference; lastKnownFileType = file.storyboard; name = Base; path = Base.lproj/LaunchScreen.storyboard; sourceTree = "<group>"; };
		49DF5FF3274CEB4D00E72B37 /* Info.plist */ = {isa = PBXFileReference; lastKnownFileType = text.plist.xml; path = Info.plist; sourceTree = "<group>"; };
		49DF5FF8274CEB4E00E72B37 /* SuperCoolTests.xctest */ = {isa = PBXFileReference; explicitFileType = wrapper.cfbundle; includeInIndex = 0; path = SuperCoolTests.xctest; sourceTree = BUILT_PRODUCTS_DIR; };
		49DF5FFC274CEB4E00E72B37 /* SuperCoolTests.swift */ = {isa = PBXFileReference; lastKnownFileType = sourcecode.swift; path = SuperCoolTests.swift; sourceTree = "<group>"; };
		49DF6002274CEB4E00E72B37 /* SuperCoolUITests.xctest */ = {isa = PBXFileReference; explicitFileType = wrapper.cfbundle; includeInIndex = 0; path = SuperCoolUITests.xctest; sourceTree = BUILT_PRODUCTS_DIR; };
		49DF6006274CEB4E00E72B37 /* SuperCoolUITests.swift */ = {isa = PBXFileReference; lastKnownFileType = sourcecode.swift; path = SuperCoolUITests.swift; sourceTree = "<group>"; };
		49DF6008274CEB4E00E72B37 /* SuperCoolUITestsLaunchTests.swift */ = {isa = PBXFileReference; lastKnownFileType = sourcecode.swift; path = SuperCoolUITestsLaunchTests.swift; sourceTree = "<group>"; };
/* End PBXFileReference section */

/* Begin PBXFrameworksBuildPhase section */
		49DF5FDF274CEB4C00E72B37 /* Frameworks */ = {
			isa = PBXFrameworksBuildPhase;
			buildActionMask = 2147483647;
			files = (
			);
			runOnlyForDeploymentPostprocessing = 0;
		};
		49DF5FF5274CEB4E00E72B37 /* Frameworks */ = {
			isa = PBXFrameworksBuildPhase;
			buildActionMask = 2147483647;
			files = (
			);
			runOnlyForDeploymentPostprocessing = 0;
		};
		49DF5FFF274CEB4E00E72B37 /* Frameworks */ = {
			isa = PBXFrameworksBuildPhase;
			buildActionMask = 2147483647;
			files = (
			);
			runOnlyForDeploymentPostprocessing = 0;
		};
/* End PBXFrameworksBuildPhase section */

/* Begin PBXGroup section */
		49DF5FD9274CEB4C00E72B37 = {
			isa = PBXGroup;
			children = (
				49DF5FE4274CEB4C00E72B37 /* SuperCool */,
				49DF5FFB274CEB4E00E72B37 /* SuperCoolTests */,
				49DF6005274CEB4E00E72B37 /* SuperCoolUITests */,
				49DF5FE3274CEB4C00E72B37 /* Products */,
			);
			sourceTree = "<group>";
		};
		49DF5FE3274CEB4C00E72B37 /* Products */ = {
			isa = PBXGroup;
			children = (
				49DF5FE2274CEB4C00E72B37 /* SuperCool.app */,
				49DF5FF8274CEB4E00E72B37 /* SuperCoolTests.xctest */,
				49DF6002274CEB4E00E72B37 /* SuperCoolUITests.xctest */,
			);
			name = Products;
			sourceTree = "<group>";
		};
		49DF5FE4274CEB4C00E72B37 /* SuperCool */ = {
			isa = PBXGroup;
			children = (
				49DF5FE5274CEB4C00E72B37 /* AppDelegate.swift */,
				49DF5FE7274CEB4C00E72B37 /* SceneDelegate.swift */,
				49DF5FE9274CEB4C00E72B37 /* ViewController.swift */,
				49DF5FEB274CEB4C00E72B37 /* Main.storyboard */,
				49DF5FEE274CEB4D00E72B37 /* Assets.xcassets */,
				49DF5FF0274CEB4D00E72B37 /* LaunchScreen.storyboard */,
				49DF5FF3274CEB4D00E72B37 /* Info.plist */,
			);
			path = SuperCool;
			sourceTree = "<group>";
		};
		49DF5FFB274CEB4E00E72B37 /* SuperCoolTests */ = {
			isa = PBXGroup;
			children = (
				49DF5FFC274CEB4E00E72B37 /* SuperCoolTests.swift */,
			);
			path = SuperCoolTests;
			sourceTree = "<group>";
		};
		49DF6005274CEB4E00E72B37 /* SuperCoolUITests */ = {
			isa = PBXGroup;
			children = (
				49DF6006274CEB4E00E72B37 /* SuperCoolUITests.swift */,
				49DF6008274CEB4E00E72B37 /* SuperCoolUITestsLaunchTests.swift */,
			);
			path = SuperCoolUITests;
			sourceTree = "<group>";
		};
/* End PBXGroup section */

/* Begin PBXNativeTarget section */
		49DF5FE1274CEB4C00E72B37 /* SuperCool */ = {
			isa = PBXNativeTarget;
			buildConfigurationList = 49DF600C274CEB4E00E72B37 /* Build configuration list for PBXNativeTarget "SuperCool" */;
			buildPhases = (
				49DF5FDE274CEB4C00E72B37 /* Sources */,
				49DF5FDF274CEB4C00E72B37 /* Frameworks */,
				49DF5FE0274CEB4C00E72B37 /* Resources */,
			);
			buildRules = (
			);
			dependencies = (
			);
			name = SuperCool;
			productName = SuperCool;
			productReference = 49DF5FE2274CEB4C00E72B37 /* SuperCool.app */;
			productType = "com.apple.product-type.application";
		};
		49DF5FF7274CEB4E00E72B37 /* SuperCoolTests */ = {
			isa = PBXNativeTarget;
			buildConfigurationList = 49DF600F274CEB4E00E72B37 /* Build configuration list for PBXNativeTarget "SuperCoolTests" */;
			buildPhases = (
				49DF5FF4274CEB4E00E72B37 /* Sources */,
				49DF5FF5274CEB4E00E72B37 /* Frameworks */,
				49DF5FF6274CEB4E00E72B37 /* Resources */,
			);
			buildRules = (
			);
			dependencies = (
				49DF5FFA274CEB4E00E72B37 /* PBXTargetDependency */,
			);
			name = SuperCoolTests;
			productName = SuperCoolTests;
			productReference = 49DF5FF8274CEB4E00E72B37 /* SuperCoolTests.xctest */;
			productType = "com.apple.product-type.bundle.unit-test";
		};
		49DF6001274CEB4E00E72B37 /* SuperCoolUITests */ = {
			isa = PBXNativeTarget;
			buildConfigurationList = 49DF6012274CEB4E00E72B37 /* Build configuration list for PBXNativeTarget "SuperCoolUITests" */;
			buildPhases = (
				49DF5FFE274CEB4E00E72B37 /* Sources */,
				49DF5FFF274CEB4E00E72B37 /* Frameworks */,
				49DF6000274CEB4E00E72B37 /* Resources */,
			);
			buildRules = (
			);
			dependencies = (
				49DF6004274CEB4E00E72B37 /* PBXTargetDependency */,
			);
			name = SuperCoolUITests;
			productName = SuperCoolUITests;
			productReference = 49DF6002274CEB4E00E72B37 /* SuperCoolUITests.xctest */;
			productType = "com.apple.product-type.bundle.ui-testing";
		};
/* End PBXNativeTarget section */

/* Begin PBXProject section */
		49DF5FDA274CEB4C00E72B37 /* Project object */ = {
			isa = PBXProject;
			attributes = {
				BuildIndependentTargetsInParallel = 1;
				LastSwiftUpdateCheck = 1310;
				LastUpgradeCheck = 1310;
				TargetAttributes = {
					49DF5FE1274CEB4C00E72B37 = {
						CreatedOnToolsVersion = 13.1;
					};
					49DF5FF7274CEB4E00E72B37 = {
						CreatedOnToolsVersion = 13.1;
						TestTargetID = 49DF5FE1274CEB4C00E72B37;
					};
					49DF6001274CEB4E00E72B37 = {
						CreatedOnToolsVersion = 13.1;
						TestTargetID = 49DF5FE1274CEB4C00E72B37;
					};
				};
			};
			buildConfigurationList = 49DF5FDD274CEB4C00E72B37 /* Build configuration list for PBXProject "SuperCool" */;
			compatibilityVersion = "Xcode 13.0";
			developmentRegion = en;
			hasScannedForEncodings = 0;
			knownRegions = (
				en,
				Base,
			);
			mainGroup = 49DF5FD9274CEB4C00E72B37;
			productRefGroup = 49DF5FE3274CEB4C00E72B37 /* Products */;
			projectDirPath = "";
			projectRoot = "";
			targets = (
				49DF5FE1274CEB4C00E72B37 /* SuperCool */,
				49DF5FF7274CEB4E00E72B37 /* SuperCoolTests */,
				49DF6001274CEB4E00E72B37 /* SuperCoolUITests */,
			);
		};
/* End PBXProject section */

/* Begin PBXResourcesBuildPhase section */
		49DF5FE0274CEB4C00E72B37 /* Resources */ = {
			isa = PBXResourcesBuildPhase;
			buildActionMask = 2147483647;
			files = (
				49DF5FF2274CEB4D00E72B37 /* LaunchScreen.storyboard in Resources */,
				49DF5FEF274CEB4D00E72B37 /* Assets.xcassets in Resources */,
				49DF5FED274CEB4C00E72B37 /* Main.storyboard in Resources */,
			);
			runOnlyForDeploymentPostprocessing = 0;
		};
		49DF5FF6274CEB4E00E72B37 /* Resources */ = {
			isa = PBXResourcesBuildPhase;
			buildActionMask = 2147483647;
			files = (
			);
			runOnlyForDeploymentPostprocessing = 0;
		};
		49DF6000274CEB4E00E72B37 /* Resources */ = {
			isa = PBXResourcesBuildPhase;
			buildActionMask = 2147483647;
			files = (
			);
			runOnlyForDeploymentPostprocessing = 0;
		};
/* End PBXResourcesBuildPhase section */

/* Begin PBXSourcesBuildPhase section */
		49DF5FDE274CEB4C00E72B37 /* Sources */ = {
			isa = PBXSourcesBuildPhase;
			buildActionMask = 2147483647;
			files = (
				49DF5FEA274CEB4C00E72B37 /* ViewController.swift in Sources */,
				49DF5FE6274CEB4C00E72B37 /* AppDelegate.swift in Sources */,
				49DF5FE8274CEB4C00E72B37 /* SceneDelegate.swift in Sources */,
			);
			runOnlyForDeploymentPostprocessing = 0;
		};
		49DF5FF4274CEB4E00E72B37 /* Sources */ = {
			isa = PBXSourcesBuildPhase;
			buildActionMask = 2147483647;
			files = (
				49DF5FFD274CEB4E00E72B37 /* SuperCoolTests.swift in Sources */,
			);
			runOnlyForDeploymentPostprocessing = 0;
		};
		49DF5FFE274CEB4E00E72B37 /* Sources */ = {
			isa = PBXSourcesBuildPhase;
			buildActionMask = 2147483647;
			files = (
				49DF6007274CEB4E00E72B37 /* SuperCoolUITests.swift in Sources */,
				49DF6009274CEB4E00E72B37 /* SuperCoolUITestsLaunchTests.swift in Sources */,
			);
			runOnlyForDeploymentPostprocessing = 0;
		};
/* End PBXSourcesBuildPhase section */

/* Begin PBXTargetDependency section */
		49DF5FFA274CEB4E00E72B37 /* PBXTargetDependency */ = {
			isa = PBXTargetDependency;
			target = 49DF5FE1274CEB4C00E72B37 /* SuperCool */;
			targetProxy = 49DF5FF9274CEB4E00E72B37 /* PBXContainerItemProxy */;
		};
		49DF6004274CEB4E00E72B37 /* PBXTargetDependency */ = {
			isa = PBXTargetDependency;
			target = 49DF5FE1274CEB4C00E72B37 /* SuperCool */;
			targetProxy = 49DF6003274CEB4E00E72B37 /* PBXContainerItemProxy */;
		};
/* End PBXTargetDependency section */

/* Begin PBXVariantGroup section */
		49DF5FEB274CEB4C00E72B37 /* Main.storyboard */ = {
			isa = PBXVariantGroup;
			children = (
				49DF5FEC274CEB4C00E72B37 /* Base */,
			);
			name = Main.storyboard;
			sourceTree = "<group>";
		};
		49DF5FF0274CEB4D00E72B37 /* LaunchScreen.storyboard */ = {
			isa = PBXVariantGroup;
			children = (
				49DF5FF1274CEB4D00E72B37 /* Base */,
			);
			name = LaunchScreen.storyboard;
			sourceTree = "<group>";
		};
/* End PBXVariantGroup section */

/* Begin XCBuildConfiguration section */
		49DF600A274CEB4E00E72B37 /* Debug */ = {
			isa = XCBuildConfiguration;
			buildSettings = {
				ALWAYS_SEARCH_USER_PATHS = NO;
				CLANG_ANALYZER_NONNULL = YES;
				CLANG_ANALYZER_NUMBER_OBJECT_CONVERSION = YES_AGGRESSIVE;
				CLANG_CXX_LANGUAGE_STANDARD = "gnu++17";
				CLANG_CXX_LIBRARY = "libc++";
				CLANG_ENABLE_MODULES = YES;
				CLANG_ENABLE_OBJC_ARC = YES;
				CLANG_ENABLE_OBJC_WEAK = YES;
				CLANG_WARN_BLOCK_CAPTURE_AUTORELEASING = YES;
				CLANG_WARN_BOOL_CONVERSION = YES;
				CLANG_WARN_COMMA = YES;
				CLANG_WARN_CONSTANT_CONVERSION = YES;
				CLANG_WARN_DEPRECATED_OBJC_IMPLEMENTATIONS = YES;
				CLANG_WARN_DIRECT_OBJC_ISA_USAGE = YES_ERROR;
				CLANG_WARN_DOCUMENTATION_COMMENTS = YES;
				CLANG_WARN_EMPTY_BODY = YES;
				CLANG_WARN_ENUM_CONVERSION = YES;
				CLANG_WARN_INFINITE_RECURSION = YES;
				CLANG_WARN_INT_CONVERSION = YES;
				CLANG_WARN_NON_LITERAL_NULL_CONVERSION = YES;
				CLANG_WARN_OBJC_IMPLICIT_RETAIN_SELF = YES;
				CLANG_WARN_OBJC_LITERAL_CONVERSION = YES;
				CLANG_WARN_OBJC_ROOT_CLASS = YES_ERROR;
				CLANG_WARN_QUOTED_INCLUDE_IN_FRAMEWORK_HEADER = YES;
				CLANG_WARN_RANGE_LOOP_ANALYSIS = YES;
				CLANG_WARN_STRICT_PROTOTYPES = YES;
				CLANG_WARN_SUSPICIOUS_MOVE = YES;
				CLANG_WARN_UNGUARDED_AVAILABILITY = YES_AGGRESSIVE;
				CLANG_WARN_UNREACHABLE_CODE = YES;
				CLANG_WARN__DUPLICATE_METHOD_MATCH = YES;
				COPY_PHASE_STRIP = NO;
				DEBUG_INFORMATION_FORMAT = dwarf;
				ENABLE_STRICT_OBJC_MSGSEND = YES;
				ENABLE_TESTABILITY = YES;
				GCC_C_LANGUAGE_STANDARD = gnu11;
				GCC_DYNAMIC_NO_PIC = NO;
				GCC_NO_COMMON_BLOCKS = YES;
				GCC_OPTIMIZATION_LEVEL = 0;
				GCC_PREPROCESSOR_DEFINITIONS = (
					"DEBUG=1",
					"$(inherited)",
				);
				GCC_WARN_64_TO_32_BIT_CONVERSION = YES;
				GCC_WARN_ABOUT_RETURN_TYPE = YES_ERROR;
				GCC_WARN_UNDECLARED_SELECTOR = YES;
				GCC_WARN_UNINITIALIZED_AUTOS = YES_AGGRESSIVE;
				GCC_WARN_UNUSED_FUNCTION = YES;
				GCC_WARN_UNUSED_VARIABLE = YES;
				IPHONEOS_DEPLOYMENT_TARGET = 15.0;
				MTL_ENABLE_DEBUG_INFO = INCLUDE_SOURCE;
				MTL_FAST_MATH = YES;
				ONLY_ACTIVE_ARCH = YES;
				SDKROOT = iphoneos;
				SWIFT_ACTIVE_COMPILATION_CONDITIONS = DEBUG;
				SWIFT_OPTIMIZATION_LEVEL = "-Onone";
			};
			name = Debug;
		};
		49DF600B274CEB4E00E72B37 /* Release */ = {
			isa = XCBuildConfiguration;
			buildSettings = {
				ALWAYS_SEARCH_USER_PATHS = NO;
				CLANG_ANALYZER_NONNULL = YES;
				CLANG_ANALYZER_NUMBER_OBJECT_CONVERSION = YES_AGGRESSIVE;
				CLANG_CXX_LANGUAGE_STANDARD = "gnu++17";
				CLANG_CXX_LIBRARY = "libc++";
				CLANG_ENABLE_MODULES = YES;
				CLANG_ENABLE_OBJC_ARC = YES;
				CLANG_ENABLE_OBJC_WEAK = YES;
				CLANG_WARN_BLOCK_CAPTURE_AUTORELEASING = YES;
				CLANG_WARN_BOOL_CONVERSION = YES;
				CLANG_WARN_COMMA = YES;
				CLANG_WARN_CONSTANT_CONVERSION = YES;
				CLANG_WARN_DEPRECATED_OBJC_IMPLEMENTATIONS = YES;
				CLANG_WARN_DIRECT_OBJC_ISA_USAGE = YES_ERROR;
				CLANG_WARN_DOCUMENTATION_COMMENTS = YES;
				CLANG_WARN_EMPTY_BODY = YES;
				CLANG_WARN_ENUM_CONVERSION = YES;
				CLANG_WARN_INFINITE_RECURSION = YES;
				CLANG_WARN_INT_CONVERSION = YES;
				CLANG_WARN_NON_LITERAL_NULL_CONVERSION = YES;
				CLANG_WARN_OBJC_IMPLICIT_RETAIN_SELF = YES;
				CLANG_WARN_OBJC_LITERAL_CONVERSION = YES;
				CLANG_WARN_OBJC_ROOT_CLASS = YES_ERROR;
				CLANG_WARN_QUOTED_INCLUDE_IN_FRAMEWORK_HEADER = YES;
				CLANG_WARN_RANGE_LOOP_ANALYSIS = YES;
				CLANG_WARN_STRICT_PROTOTYPES = YES;
				CLANG_WARN_SUSPICIOUS_MOVE = YES;
				CLANG_WARN_UNGUARDED_AVAILABILITY = YES_AGGRESSIVE;
				CLANG_WARN_UNREACHABLE_CODE = YES;
				CLANG_WARN__DUPLICATE_METHOD_MATCH = YES;
				COPY_PHASE_STRIP = NO;
				DEBUG_INFORMATION_FORMAT = "dwarf-with-dsym";
				ENABLE_NS_ASSERTIONS = NO;
				ENABLE_STRICT_OBJC_MSGSEND = YES;
				GCC_C_LANGUAGE_STANDARD = gnu11;
				GCC_NO_COMMON_BLOCKS = YES;
				GCC_WARN_64_TO_32_BIT_CONVERSION = YES;
				GCC_WARN_ABOUT_RETURN_TYPE = YES_ERROR;
				GCC_WARN_UNDECLARED_SELECTOR = YES;
				GCC_WARN_UNINITIALIZED_AUTOS = YES_AGGRESSIVE;
				GCC_WARN_UNUSED_FUNCTION = YES;
				GCC_WARN_UNUSED_VARIABLE = YES;
				IPHONEOS_DEPLOYMENT_TARGET = 15.0;
				MTL_ENABLE_DEBUG_INFO = NO;
				MTL_FAST_MATH = YES;
				SDKROOT = iphoneos;
				SWIFT_COMPILATION_MODE = wholemodule;
				SWIFT_OPTIMIZATION_LEVEL = "-O";
				VALIDATE_PRODUCT = YES;
			};
			name = Release;
		};
		49DF600D274CEB4E00E72B37 /* Debug */ = {
			isa = XCBuildConfiguration;
			buildSettings = {
				ASSETCATALOG_COMPILER_APPICON_NAME = AppIcon;
				ASSETCATALOG_COMPILER_GLOBAL_ACCENT_COLOR_NAME = AccentColor;
				CODE_SIGN_STYLE = Automatic;
				CURRENT_PROJECT_VERSION = 1;
				DEVELOPMENT_TEAM = 3ZMK4EZJL2;
				GENERATE_INFOPLIST_FILE = YES;
				INFOPLIST_FILE = SuperCool/Info.plist;
				INFOPLIST_KEY_UIApplicationSupportsIndirectInputEvents = YES;
				INFOPLIST_KEY_UILaunchStoryboardName = LaunchScreen;
				INFOPLIST_KEY_UIMainStoryboardFile = Main;
				INFOPLIST_KEY_UISupportedInterfaceOrientations = "UIInterfaceOrientationPortrait UIInterfaceOrientationPortraitUpsideDown";
				INFOPLIST_KEY_UISupportedInterfaceOrientations_iPad = "UIInterfaceOrientationPortrait UIInterfaceOrientationPortraitUpsideDown UIInterfaceOrientationLandscapeLeft UIInterfaceOrientationLandscapeRight";
				INFOPLIST_KEY_UISupportedInterfaceOrientations_iPhone = "UIInterfaceOrientationPortrait UIInterfaceOrientationLandscapeLeft UIInterfaceOrientationLandscapeRight";
				LD_RUNPATH_SEARCH_PATHS = (
					"$(inherited)",
					"@executable_path/Frameworks",
				);
				MARKETING_VERSION = 1.0;
				PRODUCT_BUNDLE_IDENTIFIER = com.dxd.SuperCool;
				PRODUCT_NAME = "$(TARGET_NAME)";
				SWIFT_EMIT_LOC_STRINGS = YES;
				SWIFT_VERSION = 5.0;
				TARGETED_DEVICE_FAMILY = 1;
			};
			name = Debug;
		};
		49DF600E274CEB4E00E72B37 /* Release */ = {
			isa = XCBuildConfiguration;
			buildSettings = {
				ASSETCATALOG_COMPILER_APPICON_NAME = AppIcon;
				ASSETCATALOG_COMPILER_GLOBAL_ACCENT_COLOR_NAME = AccentColor;
				CODE_SIGN_STYLE = Automatic;
				CURRENT_PROJECT_VERSION = 1;
				DEVELOPMENT_TEAM = 3ZMK4EZJL2;
				GENERATE_INFOPLIST_FILE = YES;
				INFOPLIST_FILE = SuperCool/Info.plist;
				INFOPLIST_KEY_UIApplicationSupportsIndirectInputEvents = YES;
				INFOPLIST_KEY_UILaunchStoryboardName = LaunchScreen;
				INFOPLIST_KEY_UIMainStoryboardFile = Main;
				INFOPLIST_KEY_UISupportedInterfaceOrientations = "UIInterfaceOrientationPortrait UIInterfaceOrientationPortraitUpsideDown";
				INFOPLIST_KEY_UISupportedInterfaceOrientations_iPad = "UIInterfaceOrientationPortrait UIInterfaceOrientationPortraitUpsideDown UIInterfaceOrientationLandscapeLeft UIInterfaceOrientationLandscapeRight";
				INFOPLIST_KEY_UISupportedInterfaceOrientations_iPhone = "UIInterfaceOrientationPortrait UIInterfaceOrientationLandscapeLeft UIInterfaceOrientationLandscapeRight";
				LD_RUNPATH_SEARCH_PATHS = (
					"$(inherited)",
					"@executable_path/Frameworks",
				);
				MARKETING_VERSION = 1.0;
				PRODUCT_BUNDLE_IDENTIFIER = com.dxd.SuperCool;
				PRODUCT_NAME = "$(TARGET_NAME)";
				SWIFT_EMIT_LOC_STRINGS = YES;
				SWIFT_VERSION = 5.0;
				TARGETED_DEVICE_FAMILY = 1;
			};
			name = Release;
		};
		49DF6010274CEB4E00E72B37 /* Debug */ = {
			isa = XCBuildConfiguration;
			buildSettings = {
				ALWAYS_EMBED_SWIFT_STANDARD_LIBRARIES = YES;
				BUNDLE_LOADER = "$(TEST_HOST)";
				CODE_SIGN_STYLE = Automatic;
				CURRENT_PROJECT_VERSION = 1;
				DEVELOPMENT_TEAM = 3ZMK4EZJL2;
				GENERATE_INFOPLIST_FILE = YES;
				IPHONEOS_DEPLOYMENT_TARGET = 15.0;
				LD_RUNPATH_SEARCH_PATHS = (
					"$(inherited)",
					"@executable_path/Frameworks",
					"@loader_path/Frameworks",
				);
				MARKETING_VERSION = 1.0;
				PRODUCT_BUNDLE_IDENTIFIER = com.dxd.SuperCoolTests;
				PRODUCT_NAME = "$(TARGET_NAME)";
				SWIFT_EMIT_LOC_STRINGS = NO;
				SWIFT_VERSION = 5.0;
				TARGETED_DEVICE_FAMILY = "1,2";
				TEST_HOST = "$(BUILT_PRODUCTS_DIR)/SuperCool.app/SuperCool";
			};
			name = Debug;
		};
		49DF6011274CEB4E00E72B37 /* Release */ = {
			isa = XCBuildConfiguration;
			buildSettings = {
				ALWAYS_EMBED_SWIFT_STANDARD_LIBRARIES = YES;
				BUNDLE_LOADER = "$(TEST_HOST)";
				CODE_SIGN_STYLE = Automatic;
				CURRENT_PROJECT_VERSION = 1;
				DEVELOPMENT_TEAM = 3ZMK4EZJL2;
				GENERATE_INFOPLIST_FILE = YES;
				IPHONEOS_DEPLOYMENT_TARGET = 15.0;
				LD_RUNPATH_SEARCH_PATHS = (
					"$(inherited)",
					"@executable_path/Frameworks",
					"@loader_path/Frameworks",
				);
				MARKETING_VERSION = 1.0;
				PRODUCT_BUNDLE_IDENTIFIER = com.dxd.SuperCoolTests;
				PRODUCT_NAME = "$(TARGET_NAME)";
				SWIFT_EMIT_LOC_STRINGS = NO;
				SWIFT_VERSION = 5.0;
				TARGETED_DEVICE_FAMILY = "1,2";
				TEST_HOST = "$(BUILT_PRODUCTS_DIR)/SuperCool.app/SuperCool";
			};
			name = Release;
		};
		49DF6013274CEB4E00E72B37 /* Debug */ = {
			isa = XCBuildConfiguration;
			buildSettings = {
				ALWAYS_EMBED_SWIFT_STANDARD_LIBRARIES = YES;
				CODE_SIGN_STYLE = Automatic;
				CURRENT_PROJECT_VERSION = 1;
				DEVELOPMENT_TEAM = 3ZMK4EZJL2;
				GENERATE_INFOPLIST_FILE = YES;
				LD_RUNPATH_SEARCH_PATHS = (
					"$(inherited)",
					"@executable_path/Frameworks",
					"@loader_path/Frameworks",
				);
				MARKETING_VERSION = 1.0;
				PRODUCT_BUNDLE_IDENTIFIER = com.dxd.SuperCoolUITests;
				PRODUCT_NAME = "$(TARGET_NAME)";
				SWIFT_EMIT_LOC_STRINGS = NO;
				SWIFT_VERSION = 5.0;
				TARGETED_DEVICE_FAMILY = "1,2";
				TEST_TARGET_NAME = SuperCool;
			};
			name = Debug;
		};
		49DF6014274CEB4E00E72B37 /* Release */ = {
			isa = XCBuildConfiguration;
			buildSettings = {
				ALWAYS_EMBED_SWIFT_STANDARD_LIBRARIES = YES;
				CODE_SIGN_STYLE = Automatic;
				CURRENT_PROJECT_VERSION = 1;
				DEVELOPMENT_TEAM = 3ZMK4EZJL2;
				GENERATE_INFOPLIST_FILE = YES;
				LD_RUNPATH_SEARCH_PATHS = (
					"$(inherited)",
					"@executable_path/Frameworks",
					"@loader_path/Frameworks",
				);
				MARKETING_VERSION = 1.0;
				PRODUCT_BUNDLE_IDENTIFIER = com.dxd.SuperCoolUITests;
				PRODUCT_NAME = "$(TARGET_NAME)";
				SWIFT_EMIT_LOC_STRINGS = NO;
				SWIFT_VERSION = 5.0;
				TARGETED_DEVICE_FAMILY = "1,2";
				TEST_TARGET_NAME = SuperCool;
			};
			name = Release;
		};
/* End XCBuildConfiguration section */

/* Begin XCConfigurationList section */
		49DF5FDD274CEB4C00E72B37 /* Build configuration list for PBXProject "SuperCool" */ = {
			isa = XCConfigurationList;
			buildConfigurations = (
				49DF600A274CEB4E00E72B37 /* Debug */,
				49DF600B274CEB4E00E72B37 /* Release */,
			);
			defaultConfigurationIsVisible = 0;
			defaultConfigurationName = Release;
		};
		49DF600C274CEB4E00E72B37 /* Build configuration list for PBXNativeTarget "SuperCool" */ = {
			isa = XCConfigurationList;
			buildConfigurations = (
				49DF600D274CEB4E00E72B37 /* Debug */,
				49DF600E274CEB4E00E72B37 /* Release */,
			);
			defaultConfigurationIsVisible = 0;
			defaultConfigurationName = Release;
		};
		49DF600F274CEB4E00E72B37 /* Build configuration list for PBXNativeTarget "SuperCoolTests" */ = {
			isa = XCConfigurationList;
			buildConfigurations = (
				49DF6010274CEB4E00E72B37 /* Debug */,
				49DF6011274CEB4E00E72B37 /* Release */,
			);
			defaultConfigurationIsVisible = 0;
			defaultConfigurationName = Release;
		};
		49DF6012274CEB4E00E72B37 /* Build configuration list for PBXNativeTarget "SuperCoolUITests" */ = {
			isa = XCConfigurationList;
			buildConfigurations = (
				49DF6013274CEB4E00E72B37 /* Debug */,
				49DF6014274CEB4E00E72B37 /* Release */,
			);
			defaultConfigurationIsVisible = 0;
			defaultConfigurationName = Release;
		};
/* End XCConfigurationList section */
	};
	rootObject = 49DF5FDA274CEB4C00E72B37 /* Project object */;
}
